
Microsoft Visual Studio Solution File, Format Version 12.00
# Visual Studio Version 16
VisualStudioVersion = 16.0.35425.106
MinimumVisualStudioVersion = 10.0.40219.1
Project("{FAE04EC0-301F-11D3-BF4B-00C04F79EFBC}") = "WpfApp6", "WpfApp6\WpfApp6.csproj", "{E45A020F-5570-49F3-A738-2556B3150B48}"
EndProject
Global
	GlobalSection(SolutionConfigurationPlatforms) = preSolution
		Debug|Any CPU = Debug|Any CPU
		Release|Any CPU = Release|Any CPU
	EndGlobalSection
	GlobalSection(ProjectConfigurationPlatforms) = postSolution
		{E45A020F-5570-49F3-A738-2556B3150B48}.Debug|Any CPU.ActiveCfg = Debug|Any CPU
		{E45A020F-5570-49F3-A738-2556B3150B48}.Debug|Any CPU.Build.0 = Debug|Any CPU
		{E45A020F-5570-49F3-A738-2556B3150B48}.Release|Any CPU.ActiveCfg = Release|Any CPU
		{E45A020F-5570-49F3-A738-2556B3150B48}.Release|Any CPU.Build.0 = Release|Any CPU
	EndGlobalSection
	GlobalSection(SolutionProperties) = preSolution
		HideSolutionNode = FALSE
	EndGlobalSection
	GlobalSection(ExtensibilityGlobals) = postSolution
		SolutionGuid = {F8C43B31-1C63-4EB0-B7B5-6245FA0A03C8}
	EndGlobalSection
EndGlobal
